
Microsoft Visual Studio Solution File, Format Version 12.00
# Visual Studio Version 17
VisualStudioVersion = 17.13.35931.197
MinimumVisualStudioVersion = 10.0.40219.1
Project("{FAE04EC0-301F-11D3-BF4B-00C04F79EFBC}") = "EventBookingSystem.Application", "EventBookingSystem.Application\EventBookingSystem.Application.csproj", "{5768CA59-2705-4F75-8210-A80417436462}"
EndProject
Project("{FAE04EC0-301F-11D3-BF4B-00C04F79EFBC}") = "EventBookingSystem.Domain", "EventBookingSystem.Domain\EventBookingSystem.Domain.csproj", "{B710AC85-D5FE-4D6B-ABC8-6B4CFECD0257}"
EndProject
Project("{FAE04EC0-301F-11D3-BF4B-00C04F79EFBC}") = "EventBookingSystem.Infrastructure", "EventBookingSystem.Infrastructure\EventBookingSystem.Infrastructure.csproj", "{C8F054B9-B75D-43BB-9459-9FB30C31554F}"
EndProject
Project("{FAE04EC0-301F-11D3-BF4B-00C04F79EFBC}") = "EventBookingSystem.API", "EventBookingSystem.API\EventBookingSystem.API.csproj", "{039B6FAE-5939-40B4-8A48-C31EB974FCEA}"
EndProject
Project("{FAE04EC0-301F-11D3-BF4B-00C04F79EFBC}") = "EventBookingSystem.Web", "EventBookingSystem.Web\EventBookingSystem.Web.csproj", "{6CEB6AE7-8296-41F6-BA56-914658345F51}"
EndProject
Global
	GlobalSection(SolutionConfigurationPlatforms) = preSolution
		Debug|Any CPU = Debug|Any CPU
		Release|Any CPU = Release|Any CPU
	EndGlobalSection
	GlobalSection(ProjectConfigurationPlatforms) = postSolution
		{5768CA59-2705-4F75-8210-A80417436462}.Debug|Any CPU.ActiveCfg = Debug|Any CPU
		{5768CA59-2705-4F75-8210-A80417436462}.Debug|Any CPU.Build.0 = Debug|Any CPU
		{5768CA59-2705-4F75-8210-A80417436462}.Release|Any CPU.ActiveCfg = Release|Any CPU
		{5768CA59-2705-4F75-8210-A80417436462}.Release|Any CPU.Build.0 = Release|Any CPU
		{B710AC85-D5FE-4D6B-ABC8-6B4CFECD0257}.Debug|Any CPU.ActiveCfg = Debug|Any CPU
		{B710AC85-D5FE-4D6B-ABC8-6B4CFECD0257}.Debug|Any CPU.Build.0 = Debug|Any CPU
		{B710AC85-D5FE-4D6B-ABC8-6B4CFECD0257}.Release|Any CPU.ActiveCfg = Release|Any CPU
		{B710AC85-D5FE-4D6B-ABC8-6B4CFECD0257}.Release|Any CPU.Build.0 = Release|Any CPU
		{C8F054B9-B75D-43BB-9459-9FB30C31554F}.Debug|Any CPU.ActiveCfg = Debug|Any CPU
		{C8F054B9-B75D-43BB-9459-9FB30C31554F}.Debug|Any CPU.Build.0 = Debug|Any CPU
		{C8F054B9-B75D-43BB-9459-9FB30C31554F}.Release|Any CPU.ActiveCfg = Release|Any CPU
		{C8F054B9-B75D-43BB-9459-9FB30C31554F}.Release|Any CPU.Build.0 = Release|Any CPU
		{039B6FAE-5939-40B4-8A48-C31EB974FCEA}.Debug|Any CPU.ActiveCfg = Debug|Any CPU
		{039B6FAE-5939-40B4-8A48-C31EB974FCEA}.Debug|Any CPU.Build.0 = Debug|Any CPU
		{039B6FAE-5939-40B4-8A48-C31EB974FCEA}.Release|Any CPU.ActiveCfg = Release|Any CPU
		{039B6FAE-5939-40B4-8A48-C31EB974FCEA}.Release|Any CPU.Build.0 = Release|Any CPU
		{6CEB6AE7-8296-41F6-BA56-914658345F51}.Debug|Any CPU.ActiveCfg = Debug|Any CPU
		{6CEB6AE7-8296-41F6-BA56-914658345F51}.Debug|Any CPU.Build.0 = Debug|Any CPU
		{6CEB6AE7-8296-41F6-BA56-914658345F51}.Release|Any CPU.ActiveCfg = Release|Any CPU
		{6CEB6AE7-8296-41F6-BA56-914658345F51}.Release|Any CPU.Build.0 = Release|Any CPU
	EndGlobalSection
	GlobalSection(SolutionProperties) = preSolution
		HideSolutionNode = FALSE
	EndGlobalSection
	GlobalSection(ExtensibilityGlobals) = postSolution
		SolutionGuid = {2EE66565-26FF-42B3-806D-880B9FFFA15B}
	EndGlobalSection
EndGlobal
